
Microsoft Visual Studio Solution File, Format Version 12.00
# Visual Studio Version 16
VisualStudioVersion = 16.0.30804.86
MinimumVisualStudioVersion = 10.0.40219.1
Project("{FAE04EC0-301F-11D3-BF4B-00C04F79EFBC}") = "6@", "6@\6@.csproj", "{5ED7AD80-B1EF-41AA-872C-ECB3EC64CBDD}"
EndProject
Global
	GlobalSection(SolutionConfigurationPlatforms) = preSolution
		Debug|Any CPU = Debug|Any CPU
		Release|Any CPU = Release|Any CPU
	EndGlobalSection
	GlobalSection(ProjectConfigurationPlatforms) = postSolution
		{5ED7AD80-B1EF-41AA-872C-ECB3EC64CBDD}.Debug|Any CPU.ActiveCfg = Debug|Any CPU
		{5ED7AD80-B1EF-41AA-872C-ECB3EC64CBDD}.Debug|Any CPU.Build.0 = Debug|Any CPU
		{5ED7AD80-B1EF-41AA-872C-ECB3EC64CBDD}.Release|Any CPU.ActiveCfg = Release|Any CPU
		{5ED7AD80-B1EF-41AA-872C-ECB3EC64CBDD}.Release|Any CPU.Build.0 = Release|Any CPU
	EndGlobalSection
	GlobalSection(SolutionProperties) = preSolution
		HideSolutionNode = FALSE
	EndGlobalSection
	GlobalSection(ExtensibilityGlobals) = postSolution
		SolutionGuid = {99E49CC4-2C1D-4766-AA00-35D448DCD07E}
	EndGlobalSection
EndGlobal
